
Microsoft Visual Studio Solution File, Format Version 12.00
# Visual Studio Version 17
VisualStudioVersion = 17.4.33122.133
MinimumVisualStudioVersion = 10.0.40219.1
Project("{FAE04EC0-301F-11D3-BF4B-00C04F79EFBC}") = "Demofuncallprogram", "Demofuncallprogram\Demofuncallprogram.csproj", "{D6BB0602-F028-497F-96EC-11A3CCDCF880}"
EndProject
Global
	GlobalSection(SolutionConfigurationPlatforms) = preSolution
		Debug|Any CPU = Debug|Any CPU
		Release|Any CPU = Release|Any CPU
	EndGlobalSection
	GlobalSection(ProjectConfigurationPlatforms) = postSolution
		{D6BB0602-F028-497F-96EC-11A3CCDCF880}.Debug|Any CPU.ActiveCfg = Debug|Any CPU
		{D6BB0602-F028-497F-96EC-11A3CCDCF880}.Debug|Any CPU.Build.0 = Debug|Any CPU
		{D6BB0602-F028-497F-96EC-11A3CCDCF880}.Release|Any CPU.ActiveCfg = Release|Any CPU
		{D6BB0602-F028-497F-96EC-11A3CCDCF880}.Release|Any CPU.Build.0 = Release|Any CPU
	EndGlobalSection
	GlobalSection(SolutionProperties) = preSolution
		HideSolutionNode = FALSE
	EndGlobalSection
	GlobalSection(ExtensibilityGlobals) = postSolution
		SolutionGuid = {6BA06207-D911-4F9E-8F43-A7B418C9E815}
	EndGlobalSection
EndGlobal
